
Microsoft Visual Studio Solution File, Format Version 12.00
# Visual Studio 15
VisualStudioVersion = 15.0.28307.271
MinimumVisualStudioVersion = 10.0.40219.1
Project("{9A19103F-16F7-4668-BE54-9A1E7A4F7556}") = "Domain", "TestePositoBackEnd\Domain.csproj", "{7906AE24-67E0-4046-80C4-1308E9F524D1}"
EndProject
Project("{9A19103F-16F7-4668-BE54-9A1E7A4F7556}") = "Infra", "Infra\Infra.csproj", "{FBDAA54C-F32C-415B-8704-C4721C59D672}"
EndProject
Project("{FAE04EC0-301F-11D3-BF4B-00C04F79EFBC}") = "API", "API\API.csproj", "{8631890F-03B6-45FA-8D0A-35455201FEF4}"
EndProject
Global
	GlobalSection(SolutionConfigurationPlatforms) = preSolution
		Debug|Any CPU = Debug|Any CPU
		Release|Any CPU = Release|Any CPU
	EndGlobalSection
	GlobalSection(ProjectConfigurationPlatforms) = postSolution
		{7906AE24-67E0-4046-80C4-1308E9F524D1}.Debug|Any CPU.ActiveCfg = Debug|Any CPU
		{7906AE24-67E0-4046-80C4-1308E9F524D1}.Debug|Any CPU.Build.0 = Debug|Any CPU
		{7906AE24-67E0-4046-80C4-1308E9F524D1}.Release|Any CPU.ActiveCfg = Release|Any CPU
		{7906AE24-67E0-4046-80C4-1308E9F524D1}.Release|Any CPU.Build.0 = Release|Any CPU
		{FBDAA54C-F32C-415B-8704-C4721C59D672}.Debug|Any CPU.ActiveCfg = Debug|Any CPU
		{FBDAA54C-F32C-415B-8704-C4721C59D672}.Debug|Any CPU.Build.0 = Debug|Any CPU
		{FBDAA54C-F32C-415B-8704-C4721C59D672}.Release|Any CPU.ActiveCfg = Release|Any CPU
		{FBDAA54C-F32C-415B-8704-C4721C59D672}.Release|Any CPU.Build.0 = Release|Any CPU
		{8631890F-03B6-45FA-8D0A-35455201FEF4}.Debug|Any CPU.ActiveCfg = Debug|Any CPU
		{8631890F-03B6-45FA-8D0A-35455201FEF4}.Debug|Any CPU.Build.0 = Debug|Any CPU
		{8631890F-03B6-45FA-8D0A-35455201FEF4}.Release|Any CPU.ActiveCfg = Release|Any CPU
		{8631890F-03B6-45FA-8D0A-35455201FEF4}.Release|Any CPU.Build.0 = Release|Any CPU
	EndGlobalSection
	GlobalSection(SolutionProperties) = preSolution
		HideSolutionNode = FALSE
	EndGlobalSection
	GlobalSection(ExtensibilityGlobals) = postSolution
		SolutionGuid = {7C47488E-8325-4618-8340-7005E02E2A69}
	EndGlobalSection
EndGlobal
